
Microsoft Visual Studio Solution File, Format Version 12.00
# Visual Studio Version 17
VisualStudioVersion = 17.0.31912.275
MinimumVisualStudioVersion = 10.0.40219.1
Project("{9A19103F-16F7-4668-BE54-9A1E7A4F7556}") = "Patch.NET", "Patch.NET\Patch.NET.csproj", "{46D29D9D-4521-4924-9D6C-1D9B26AA5E5D}"
EndProject
Project("{9A19103F-16F7-4668-BE54-9A1E7A4F7556}") = "UnitTests", "UnitTests\UnitTests.csproj", "{092339DA-0199-4E64-837D-8DC6754B2B22}"
EndProject
Project("{9A19103F-16F7-4668-BE54-9A1E7A4F7556}") = "Patch.NET.Win32", "Patch.NET.Win32\Patch.NET.Win32.csproj", "{E6A52713-3170-466A-A4AA-F56B6B7C3D3B}"
EndProject
Project("{9A19103F-16F7-4668-BE54-9A1E7A4F7556}") = "RoWMount", "RowMount\RoWMount.csproj", "{53BB09ED-4ACE-4A5C-8F86-016DBE78D520}"
EndProject
Project("{FAE04EC0-301F-11D3-BF4B-00C04F79EFBC}") = "Patch.NET.TUI", "Patch.NET.TUI\Patch.NET.TUI.csproj", "{60F8B0A4-8BC8-4CF8-8C83-9C5F012389B7}"
EndProject
Global
	GlobalSection(SolutionConfigurationPlatforms) = preSolution
		Debug|Any CPU = Debug|Any CPU
		Debug|x64 = Debug|x64
		Release|Any CPU = Release|Any CPU
		Release|x64 = Release|x64
	EndGlobalSection
	GlobalSection(ProjectConfigurationPlatforms) = postSolution
		{46D29D9D-4521-4924-9D6C-1D9B26AA5E5D}.Debug|Any CPU.ActiveCfg = Debug|Any CPU
		{46D29D9D-4521-4924-9D6C-1D9B26AA5E5D}.Debug|Any CPU.Build.0 = Debug|Any CPU
		{46D29D9D-4521-4924-9D6C-1D9B26AA5E5D}.Debug|x64.ActiveCfg = Debug|Any CPU
		{46D29D9D-4521-4924-9D6C-1D9B26AA5E5D}.Debug|x64.Build.0 = Debug|Any CPU
		{46D29D9D-4521-4924-9D6C-1D9B26AA5E5D}.Release|Any CPU.ActiveCfg = Release|Any CPU
		{46D29D9D-4521-4924-9D6C-1D9B26AA5E5D}.Release|Any CPU.Build.0 = Release|Any CPU
		{46D29D9D-4521-4924-9D6C-1D9B26AA5E5D}.Release|x64.ActiveCfg = Release|Any CPU
		{46D29D9D-4521-4924-9D6C-1D9B26AA5E5D}.Release|x64.Build.0 = Release|Any CPU
		{092339DA-0199-4E64-837D-8DC6754B2B22}.Debug|Any CPU.ActiveCfg = Debug|Any CPU
		{092339DA-0199-4E64-837D-8DC6754B2B22}.Debug|Any CPU.Build.0 = Debug|Any CPU
		{092339DA-0199-4E64-837D-8DC6754B2B22}.Debug|x64.ActiveCfg = Debug|x64
		{092339DA-0199-4E64-837D-8DC6754B2B22}.Debug|x64.Build.0 = Debug|x64
		{092339DA-0199-4E64-837D-8DC6754B2B22}.Release|Any CPU.ActiveCfg = Release|Any CPU
		{092339DA-0199-4E64-837D-8DC6754B2B22}.Release|Any CPU.Build.0 = Release|Any CPU
		{092339DA-0199-4E64-837D-8DC6754B2B22}.Release|x64.ActiveCfg = Release|x64
		{092339DA-0199-4E64-837D-8DC6754B2B22}.Release|x64.Build.0 = Release|x64
		{E6A52713-3170-466A-A4AA-F56B6B7C3D3B}.Debug|Any CPU.ActiveCfg = Debug|Any CPU
		{E6A52713-3170-466A-A4AA-F56B6B7C3D3B}.Debug|Any CPU.Build.0 = Debug|Any CPU
		{E6A52713-3170-466A-A4AA-F56B6B7C3D3B}.Debug|x64.ActiveCfg = Debug|Any CPU
		{E6A52713-3170-466A-A4AA-F56B6B7C3D3B}.Debug|x64.Build.0 = Debug|Any CPU
		{E6A52713-3170-466A-A4AA-F56B6B7C3D3B}.Release|Any CPU.ActiveCfg = Release|Any CPU
		{E6A52713-3170-466A-A4AA-F56B6B7C3D3B}.Release|Any CPU.Build.0 = Release|Any CPU
		{E6A52713-3170-466A-A4AA-F56B6B7C3D3B}.Release|x64.ActiveCfg = Release|Any CPU
		{E6A52713-3170-466A-A4AA-F56B6B7C3D3B}.Release|x64.Build.0 = Release|Any CPU
		{53BB09ED-4ACE-4A5C-8F86-016DBE78D520}.Debug|Any CPU.ActiveCfg = Debug|Any CPU
		{53BB09ED-4ACE-4A5C-8F86-016DBE78D520}.Debug|Any CPU.Build.0 = Debug|Any CPU
		{53BB09ED-4ACE-4A5C-8F86-016DBE78D520}.Debug|x64.ActiveCfg = Debug|Any CPU
		{53BB09ED-4ACE-4A5C-8F86-016DBE78D520}.Debug|x64.Build.0 = Debug|Any CPU
		{53BB09ED-4ACE-4A5C-8F86-016DBE78D520}.Release|Any CPU.ActiveCfg = Release|Any CPU
		{53BB09ED-4ACE-4A5C-8F86-016DBE78D520}.Release|Any CPU.Build.0 = Release|Any CPU
		{53BB09ED-4ACE-4A5C-8F86-016DBE78D520}.Release|x64.ActiveCfg = Release|Any CPU
		{53BB09ED-4ACE-4A5C-8F86-016DBE78D520}.Release|x64.Build.0 = Release|Any CPU
		{60F8B0A4-8BC8-4CF8-8C83-9C5F012389B7}.Debug|Any CPU.ActiveCfg = Debug|Any CPU
		{60F8B0A4-8BC8-4CF8-8C83-9C5F012389B7}.Debug|Any CPU.Build.0 = Debug|Any CPU
		{60F8B0A4-8BC8-4CF8-8C83-9C5F012389B7}.Debug|x64.ActiveCfg = Debug|Any CPU
		{60F8B0A4-8BC8-4CF8-8C83-9C5F012389B7}.Debug|x64.Build.0 = Debug|Any CPU
		{60F8B0A4-8BC8-4CF8-8C83-9C5F012389B7}.Release|Any CPU.ActiveCfg = Release|Any CPU
		{60F8B0A4-8BC8-4CF8-8C83-9C5F012389B7}.Release|Any CPU.Build.0 = Release|Any CPU
		{60F8B0A4-8BC8-4CF8-8C83-9C5F012389B7}.Release|x64.ActiveCfg = Release|Any CPU
		{60F8B0A4-8BC8-4CF8-8C83-9C5F012389B7}.Release|x64.Build.0 = Release|Any CPU
	EndGlobalSection
	GlobalSection(SolutionProperties) = preSolution
		HideSolutionNode = FALSE
	EndGlobalSection
	GlobalSection(ExtensibilityGlobals) = postSolution
		SolutionGuid = {00D15917-B05E-4574-8272-713A95F21F86}
	EndGlobalSection
EndGlobal
